{
  "version": 4,
  "terraform_version": "1.13.0",
  "serial": 200,
  "lineage": "1a6e60f7-4850-b29a-5afc-db9c7c7fe910",
  "outputs": {},
  "resources": [
    {
      "mode": "data",
      "type": "aws_caller_identity",
      "name": "current",
      "provider": "provider[\"registry.terraform.io/hashicorp/aws\"]",
      "instances": [
        {
          "schema_version": 0,
          "attributes": {
            "account_id": "750570463962",
            "arn": "arn:aws:iam::750570463962:user/ThisisAWSCLI",
            "id": "750570463962",
            "user_id": "AIDA25QL4MLNBQ763HPOX"
          },
          "sensitive_attributes": [],
          "identity_schema_version": 0
        }
      ]
    },
    {
      "mode": "managed",
      "type": "aws_cloudtrail",
      "name": "main",
      "provider": "provider[\"registry.terraform.io/hashicorp/aws\"]",
      "instances": [
        {
          "schema_version": 1,
          "attributes": {
            "advanced_event_selector": [],
            "arn": "arn:aws:cloudtrail:ap-south-1:750570463962:trail/my-org-trail",
            "cloud_watch_logs_group_arn": "",
            "cloud_watch_logs_role_arn": "",
            "enable_log_file_validation": false,
            "enable_logging": true,
            "event_selector": [],
            "home_region": "ap-south-1",
            "id": "arn:aws:cloudtrail:ap-south-1:750570463962:trail/my-org-trail",
            "include_global_service_events": true,
            "insight_selector": [],
            "is_multi_region_trail": true,
            "is_organization_trail": false,
            "kms_key_id": "",
            "name": "my-org-trail",
            "region": "ap-south-1",
            "s3_bucket_name": "cloudtrail-logs-bucket-for-events-capture",
            "s3_key_prefix": "",
            "sns_topic_arn": "",
            "sns_topic_name": "",
            "tags": {},
            "tags_all": {}
          },
          "sensitive_attributes": [],
          "identity_schema_version": 0,
          "identity": {
            "arn": "arn:aws:cloudtrail:ap-south-1:750570463962:trail/my-org-trail"
          },
          "private": "eyJzY2hlbWFfdmVyc2lvbiI6IjEifQ==",
          "dependencies": [
            "aws_s3_bucket.cloudtrail_bucket",
            "aws_s3_bucket_policy.cloudtrail_bucket_policy",
            "data.aws_caller_identity.current"
          ]
        }
      ]
    },
    {
      "mode": "managed",
      "type": "aws_cloudwatch_event_rule",
      "name": "ec2_run_instances",
      "provider": "provider[\"registry.terraform.io/hashicorp/aws\"]",
      "instances": [
        {
          "schema_version": 1,
          "attributes": {
            "arn": "arn:aws:events:ap-south-1:750570463962:rule/ec2-runinstances-rule",
            "description": "Capture EC2 RunInstances events from CloudTrail",
            "event_bus_name": "default",
            "event_pattern": "{\"detail\":{\"eventName\":[\"RunInstances\"]},\"detail-type\":[\"AWS API Call via CloudTrail\"],\"source\":[\"aws.ec2\"]}",
            "force_destroy": false,
            "id": "ec2-runinstances-rule",
            "is_enabled": true,
            "name": "ec2-runinstances-rule",
            "name_prefix": "",
            "region": "ap-south-1",
            "role_arn": "",
            "schedule_expression": "",
            "state": "ENABLED",
            "tags": {},
            "tags_all": {}
          },
          "sensitive_attributes": [],
          "identity_schema_version": 0,
          "identity": {
            "account_id": "750570463962",
            "name": "ec2-runinstances-rule",
            "region": "ap-south-1"
          },
          "private": "eyJzY2hlbWFfdmVyc2lvbiI6IjEifQ=="
        }
      ]
    },
    {
      "mode": "managed",
      "type": "aws_cloudwatch_event_rule",
      "name": "rds_createdb",
      "provider": "provider[\"registry.terraform.io/hashicorp/aws\"]",
      "instances": [
        {
          "schema_version": 1,
          "attributes": {
            "arn": "arn:aws:events:ap-south-1:750570463962:rule/RDS-CreateDB-Rule",
            "description": "Trigger Lambda on RDS creation",
            "event_bus_name": "default",
            "event_pattern": "{\"detail\":{\"eventName\":[\"CreateDBInstance\"]},\"detail-type\":[\"AWS API Call via CloudTrail\"],\"source\":[\"aws.rds\"]}",
            "force_destroy": false,
            "id": "RDS-CreateDB-Rule",
            "is_enabled": true,
            "name": "RDS-CreateDB-Rule",
            "name_prefix": "",
            "region": "ap-south-1",
            "role_arn": "",
            "schedule_expression": "",
            "state": "ENABLED",
            "tags": {},
            "tags_all": {}
          },
          "sensitive_attributes": [],
          "identity_schema_version": 0,
          "identity": {
            "account_id": "750570463962",
            "name": "RDS-CreateDB-Rule",
            "region": "ap-south-1"
          },
          "private": "eyJzY2hlbWFfdmVyc2lvbiI6IjEifQ=="
        }
      ]
    },
    {
      "mode": "managed",
      "type": "aws_cloudwatch_event_rule",
      "name": "s3_createbucket",
      "provider": "provider[\"registry.terraform.io/hashicorp/aws\"]",
      "instances": [
        {
          "schema_version": 1,
          "attributes": {
            "arn": "arn:aws:events:ap-south-1:750570463962:rule/S3-CreateBucket-Rule",
            "description": "Trigger Lambda on S3 bucket creation",
            "event_bus_name": "default",
            "event_pattern": "{\"detail\":{\"eventName\":[\"CreateBucket\"]},\"detail-type\":[\"AWS API Call via CloudTrail\"],\"source\":[\"aws.s3\"]}",
            "force_destroy": false,
            "id": "S3-CreateBucket-Rule",
            "is_enabled": true,
            "name": "S3-CreateBucket-Rule",
            "name_prefix": "",
            "region": "ap-south-1",
            "role_arn": "",
            "schedule_expression": "",
            "state": "ENABLED",
            "tags": {},
            "tags_all": {}
          },
          "sensitive_attributes": [],
          "identity_schema_version": 0,
          "identity": {
            "account_id": "750570463962",
            "name": "S3-CreateBucket-Rule",
            "region": "ap-south-1"
          },
          "private": "eyJzY2hlbWFfdmVyc2lvbiI6IjEifQ=="
        }
      ]
    },
    {
      "mode": "managed",
      "type": "aws_cloudwatch_event_target",
      "name": "rds_lambda",
      "provider": "provider[\"registry.terraform.io/hashicorp/aws\"]",
      "instances": [
        {
          "schema_version": 1,
          "attributes": {
            "appsync_target": [],
            "arn": "arn:aws:lambda:ap-south-1:750570463962:function:tag-enforcer",
            "batch_target": [],
            "dead_letter_config": [],
            "ecs_target": [],
            "event_bus_name": "default",
            "force_destroy": false,
            "http_target": [],
            "id": "RDS-CreateDB-Rule-SendRdsToLambda",
            "input": "",
            "input_path": "",
            "input_transformer": [],
            "kinesis_target": [],
            "redshift_target": [],
            "region": "ap-south-1",
            "retry_policy": [],
            "role_arn": "",
            "rule": "RDS-CreateDB-Rule",
            "run_command_targets": [],
            "sagemaker_pipeline_target": [],
            "sqs_target": [],
            "target_id": "SendRdsToLambda"
          },
          "sensitive_attributes": [],
          "identity_schema_version": 0,
          "identity": {
            "account_id": "750570463962",
            "event_bus_name": "default",
            "region": "ap-south-1",
            "rule": "RDS-CreateDB-Rule",
            "target_id": "SendRdsToLambda"
          },
          "private": "eyJzY2hlbWFfdmVyc2lvbiI6IjEifQ==",
          "dependencies": [
            "aws_cloudwatch_event_rule.rds_createdb",
            "aws_iam_role.lambda_exec",
            "aws_lambda_function.tag_enforcer"
          ]
        }
      ]
    },
    {
      "mode": "managed",
      "type": "aws_cloudwatch_event_target",
      "name": "s3_lambda",
      "provider": "provider[\"registry.terraform.io/hashicorp/aws\"]",
      "instances": [
        {
          "schema_version": 1,
          "attributes": {
            "appsync_target": [],
            "arn": "arn:aws:lambda:ap-south-1:750570463962:function:tag-enforcer",
            "batch_target": [],
            "dead_letter_config": [],
            "ecs_target": [],
            "event_bus_name": "default",
            "force_destroy": false,
            "http_target": [],
            "id": "S3-CreateBucket-Rule-SendS3ToLambda",
            "input": "",
            "input_path": "",
            "input_transformer": [],
            "kinesis_target": [],
            "redshift_target": [],
            "region": "ap-south-1",
            "retry_policy": [],
            "role_arn": "",
            "rule": "S3-CreateBucket-Rule",
            "run_command_targets": [],
            "sagemaker_pipeline_target": [],
            "sqs_target": [],
            "target_id": "SendS3ToLambda"
          },
          "sensitive_attributes": [],
          "identity_schema_version": 0,
          "identity": {
            "account_id": "750570463962",
            "event_bus_name": "default",
            "region": "ap-south-1",
            "rule": "S3-CreateBucket-Rule",
            "target_id": "SendS3ToLambda"
          },
          "private": "eyJzY2hlbWFfdmVyc2lvbiI6IjEifQ==",
          "dependencies": [
            "aws_cloudwatch_event_rule.s3_createbucket",
            "aws_iam_role.lambda_exec",
            "aws_lambda_function.tag_enforcer"
          ]
        }
      ]
    },
    {
      "mode": "managed",
      "type": "aws_cloudwatch_event_target",
      "name": "send_to_lambda",
      "provider": "provider[\"registry.terraform.io/hashicorp/aws\"]",
      "instances": [
        {
          "schema_version": 1,
          "attributes": {
            "appsync_target": [],
            "arn": "arn:aws:lambda:ap-south-1:750570463962:function:tag-enforcer",
            "batch_target": [],
            "dead_letter_config": [],
            "ecs_target": [],
            "event_bus_name": "default",
            "force_destroy": false,
            "http_target": [],
            "id": "ec2-runinstances-rule-TagEnforcerLambda",
            "input": "",
            "input_path": "",
            "input_transformer": [],
            "kinesis_target": [],
            "redshift_target": [],
            "region": "ap-south-1",
            "retry_policy": [],
            "role_arn": "",
            "rule": "ec2-runinstances-rule",
            "run_command_targets": [],
            "sagemaker_pipeline_target": [],
            "sqs_target": [],
            "target_id": "TagEnforcerLambda"
          },
          "sensitive_attributes": [],
          "identity_schema_version": 0,
          "identity": {
            "account_id": "750570463962",
            "event_bus_name": "default",
            "region": "ap-south-1",
            "rule": "ec2-runinstances-rule",
            "target_id": "TagEnforcerLambda"
          },
          "private": "eyJzY2hlbWFfdmVyc2lvbiI6IjEifQ==",
          "dependencies": [
            "aws_cloudwatch_event_rule.ec2_run_instances",
            "aws_iam_role.lambda_exec",
            "aws_lambda_function.tag_enforcer"
          ]
        }
      ]
    },
    {
      "mode": "managed",
      "type": "aws_iam_policy",
      "name": "lambda_enforce_tags",
      "provider": "provider[\"registry.terraform.io/hashicorp/aws\"]",
      "instances": [
        {
          "schema_version": 0,
          "attributes": {
            "arn": "arn:aws:iam::750570463962:policy/lambda-enforce-tags-policy",
            "attachment_count": 1,
            "description": "Allow Lambda to terminate EC2, delete RDS and S3 resources if tags missing",
            "id": "arn:aws:iam::750570463962:policy/lambda-enforce-tags-policy",
            "name": "lambda-enforce-tags-policy",
            "name_prefix": "",
            "path": "/",
            "policy": "{\"Statement\":[{\"Action\":[\"ec2:DescribeInstances\",\"ec2:TerminateInstances\",\"rds:DescribeDBInstances\",\"rds:DeleteDBInstance\",\"s3:GetBucketTagging\",\"s3:DeleteBucket\"],\"Effect\":\"Allow\",\"Resource\":\"*\"}],\"Version\":\"2012-10-17\"}",
            "policy_id": "ANPA25QL4MLNCRQOMS2QW",
            "tags": {},
            "tags_all": {}
          },
          "sensitive_attributes": [],
          "identity_schema_version": 0,
          "identity": {
            "arn": "arn:aws:iam::750570463962:policy/lambda-enforce-tags-policy"
          },
          "private": "bnVsbA=="
        }
      ]
    },
    {
      "mode": "managed",
      "type": "aws_iam_role",
      "name": "cloudtrail_role",
      "provider": "provider[\"registry.terraform.io/hashicorp/aws\"]",
      "instances": [
        {
          "schema_version": 0,
          "attributes": {
            "arn": "arn:aws:iam::750570463962:role/cloudtrail-to-s3-role",
            "assume_role_policy": "{\"Statement\":[{\"Action\":\"sts:AssumeRole\",\"Effect\":\"Allow\",\"Principal\":{\"Service\":\"cloudtrail.amazonaws.com\"},\"Sid\":\"\"}],\"Version\":\"2012-10-17\"}",
            "create_date": "2025-08-25T04:19:56Z",
            "description": "",
            "force_detach_policies": false,
            "id": "cloudtrail-to-s3-role",
            "inline_policy": [],
            "managed_policy_arns": [
              "arn:aws:iam::aws:policy/AWSCloudTrail_FullAccess"
            ],
            "max_session_duration": 3600,
            "name": "cloudtrail-to-s3-role",
            "name_prefix": "",
            "path": "/",
            "permissions_boundary": "",
            "tags": {},
            "tags_all": {},
            "unique_id": "AROA25QL4MLNIGQ36Z37W"
          },
          "sensitive_attributes": [],
          "identity_schema_version": 0,
          "identity": {
            "account_id": "750570463962",
            "name": "cloudtrail-to-s3-role"
          },
          "private": "bnVsbA=="
        }
      ]
    },
    {
      "mode": "managed",
      "type": "aws_iam_role",
      "name": "cloudtrail_to_s3_role",
      "provider": "provider[\"registry.terraform.io/hashicorp/aws\"]",
      "instances": [
        {
          "schema_version": 0,
          "attributes": {
            "arn": "arn:aws:iam::750570463962:role/cloudtrail-to-s3-role",
            "assume_role_policy": "{\"Statement\":[{\"Action\":\"sts:AssumeRole\",\"Effect\":\"Allow\",\"Principal\":{\"Service\":\"cloudtrail.amazonaws.com\"},\"Sid\":\"\"}],\"Version\":\"2012-10-17\"}",
            "create_date": "2025-08-25T04:19:56Z",
            "description": "",
            "force_detach_policies": false,
            "id": "cloudtrail-to-s3-role",
            "inline_policy": [],
            "managed_policy_arns": [
              "arn:aws:iam::aws:policy/AWSCloudTrail_FullAccess"
            ],
            "max_session_duration": 3600,
            "name": "cloudtrail-to-s3-role",
            "name_prefix": "",
            "path": "/",
            "permissions_boundary": "",
            "tags": {},
            "tags_all": {},
            "unique_id": "AROA25QL4MLNIGQ36Z37W"
          },
          "sensitive_attributes": [],
          "identity_schema_version": 0,
          "identity": {
            "account_id": "750570463962",
            "name": "cloudtrail-to-s3-role"
          },
          "private": "eyJzY2hlbWFfdmVyc2lvbiI6IjAifQ=="
        }
      ]
    },
    {
      "mode": "managed",
      "type": "aws_iam_role",
      "name": "lambda_exec",
      "provider": "provider[\"registry.terraform.io/hashicorp/aws\"]",
      "instances": [
        {
          "schema_version": 0,
          "attributes": {
            "arn": "arn:aws:iam::750570463962:role/lambda-enforce-tag-role",
            "assume_role_policy": "{\"Statement\":[{\"Action\":\"sts:AssumeRole\",\"Effect\":\"Allow\",\"Principal\":{\"Service\":\"lambda.amazonaws.com\"}}],\"Version\":\"2012-10-17\"}",
            "create_date": "2025-08-25T04:19:56Z",
            "description": "",
            "force_detach_policies": false,
            "id": "lambda-enforce-tag-role",
            "inline_policy": [],
            "managed_policy_arns": [
              "arn:aws:iam::750570463962:policy/lambda-enforce-tags-policy",
              "arn:aws:iam::aws:policy/service-role/AWSLambdaBasicExecutionRole"
            ],
            "max_session_duration": 3600,
            "name": "lambda-enforce-tag-role",
            "name_prefix": "",
            "path": "/",
            "permissions_boundary": "",
            "tags": {},
            "tags_all": {},
            "unique_id": "AROA25QL4MLNOS5VDMVLG"
          },
          "sensitive_attributes": [],
          "identity_schema_version": 0,
          "identity": {
            "account_id": "750570463962",
            "name": "lambda-enforce-tag-role"
          },
          "private": "bnVsbA=="
        }
      ]
    },
    {
      "mode": "managed",
      "type": "aws_iam_role_policy_attachment",
      "name": "cloudtrail_policy_attach1",
      "provider": "provider[\"registry.terraform.io/hashicorp/aws\"]",
      "instances": [
        {
          "schema_version": 0,
          "attributes": {
            "id": "cloudtrail-to-s3-role/arn:aws:iam::aws:policy/AWSCloudTrail_FullAccess",
            "policy_arn": "arn:aws:iam::aws:policy/AWSCloudTrail_FullAccess",
            "role": "cloudtrail-to-s3-role"
          },
          "sensitive_attributes": [],
          "identity_schema_version": 0,
          "identity": {
            "account_id": "750570463962",
            "policy_arn": "arn:aws:iam::aws:policy/AWSCloudTrail_FullAccess",
            "role": "cloudtrail-to-s3-role"
          },
          "private": "bnVsbA==",
          "dependencies": [
            "aws_iam_role.cloudtrail_role"
          ]
        }
      ]
    },
    {
      "mode": "managed",
      "type": "aws_iam_role_policy_attachment",
      "name": "lambda_custom",
      "provider": "provider[\"registry.terraform.io/hashicorp/aws\"]",
      "instances": [
        {
          "schema_version": 0,
          "attributes": {
            "id": "lambda-enforce-tag-role/arn:aws:iam::750570463962:policy/lambda-enforce-tags-policy",
            "policy_arn": "arn:aws:iam::750570463962:policy/lambda-enforce-tags-policy",
            "role": "lambda-enforce-tag-role"
          },
          "sensitive_attributes": [],
          "identity_schema_version": 0,
          "identity": {
            "account_id": "750570463962",
            "policy_arn": "arn:aws:iam::750570463962:policy/lambda-enforce-tags-policy",
            "role": "lambda-enforce-tag-role"
          },
          "private": "bnVsbA==",
          "dependencies": [
            "aws_iam_policy.lambda_enforce_tags",
            "aws_iam_role.lambda_exec"
          ]
        }
      ]
    },
    {
      "mode": "managed",
      "type": "aws_iam_role_policy_attachment",
      "name": "lambda_logging",
      "provider": "provider[\"registry.terraform.io/hashicorp/aws\"]",
      "instances": [
        {
          "schema_version": 0,
          "attributes": {
            "id": "lambda-enforce-tag-role/arn:aws:iam::aws:policy/service-role/AWSLambdaBasicExecutionRole",
            "policy_arn": "arn:aws:iam::aws:policy/service-role/AWSLambdaBasicExecutionRole",
            "role": "lambda-enforce-tag-role"
          },
          "sensitive_attributes": [],
          "identity_schema_version": 0,
          "identity": {
            "account_id": "750570463962",
            "policy_arn": "arn:aws:iam::aws:policy/service-role/AWSLambdaBasicExecutionRole",
            "role": "lambda-enforce-tag-role"
          },
          "private": "bnVsbA==",
          "dependencies": [
            "aws_iam_role.lambda_exec"
          ]
        }
      ]
    },
    {
      "mode": "managed",
      "type": "aws_lambda_function",
      "name": "tag_enforcer",
      "provider": "provider[\"registry.terraform.io/hashicorp/aws\"]",
      "instances": [
        {
          "schema_version": 0,
          "attributes": {
            "architectures": [
              "x86_64"
            ],
            "arn": "arn:aws:lambda:ap-south-1:750570463962:function:tag-enforcer",
            "code_sha256": "58d0Fpn/+C3rL4hCVyEwcDEIdxE+7je5cG7GYA0Cpn0=",
            "code_signing_config_arn": "",
            "dead_letter_config": [],
            "description": "",
            "environment": [],
            "ephemeral_storage": [
              {
                "size": 512
              }
            ],
            "file_system_config": [],
            "filename": "lambda.zip",
            "function_name": "tag-enforcer",
            "handler": "lambda_function.lambda_handler",
            "id": "tag-enforcer",
            "image_config": [],
            "image_uri": "",
            "invoke_arn": "arn:aws:apigateway:ap-south-1:lambda:path/2015-03-31/functions/arn:aws:lambda:ap-south-1:750570463962:function:tag-enforcer/invocations",
            "kms_key_arn": "",
            "last_modified": "2025-08-25T04:20:14.053+0000",
            "layers": [],
            "logging_config": [
              {
                "application_log_level": "",
                "log_format": "Text",
                "log_group": "/aws/lambda/tag-enforcer",
                "system_log_level": ""
              }
            ],
            "memory_size": 128,
            "package_type": "Zip",
            "publish": false,
            "qualified_arn": "arn:aws:lambda:ap-south-1:750570463962:function:tag-enforcer:$LATEST",
            "qualified_invoke_arn": "arn:aws:apigateway:ap-south-1:lambda:path/2015-03-31/functions/arn:aws:lambda:ap-south-1:750570463962:function:tag-enforcer:$LATEST/invocations",
            "region": "ap-south-1",
            "replace_security_groups_on_destroy": null,
            "replacement_security_group_ids": null,
            "reserved_concurrent_executions": -1,
            "role": "arn:aws:iam::750570463962:role/lambda-enforce-tag-role",
            "runtime": "python3.9",
            "s3_bucket": null,
            "s3_key": null,
            "s3_object_version": null,
            "signing_job_arn": "",
            "signing_profile_version_arn": "",
            "skip_destroy": false,
            "snap_start": [],
            "source_code_hash": "58d0Fpn/+C3rL4hCVyEwcDEIdxE+7je5cG7GYA0Cpn0=",
            "source_code_size": 1720,
            "tags": {},
            "tags_all": {},
            "timeout": 3,
            "timeouts": null,
            "tracing_config": [
              {
                "mode": "PassThrough"
              }
            ],
            "version": "$LATEST",
            "vpc_config": []
          },
          "sensitive_attributes": [],
          "identity_schema_version": 0,
          "identity": {
            "account_id": "750570463962",
            "function_name": "tag-enforcer",
            "region": "ap-south-1"
          },
          "private": "eyJlMmJmYjczMC1lY2FhLTExZTYtOGY4OC0zNDM2M2JjN2M0YzAiOnsiY3JlYXRlIjo2MDAwMDAwMDAwMDAsImRlbGV0ZSI6NjAwMDAwMDAwMDAwLCJ1cGRhdGUiOjYwMDAwMDAwMDAwMH19",
          "dependencies": [
            "aws_iam_role.lambda_exec"
          ]
        }
      ]
    },
    {
      "mode": "managed",
      "type": "aws_lambda_permission",
      "name": "allow_eventbridge",
      "provider": "provider[\"registry.terraform.io/hashicorp/aws\"]",
      "instances": [
        {
          "schema_version": 0,
          "attributes": {
            "action": "lambda:InvokeFunction",
            "event_source_token": null,
            "function_name": "tag-enforcer",
            "function_url_auth_type": null,
            "id": "AllowExecutionFromEventBridge",
            "principal": "events.amazonaws.com",
            "principal_org_id": null,
            "qualifier": "",
            "region": "ap-south-1",
            "source_account": null,
            "source_arn": "arn:aws:events:ap-south-1:750570463962:rule/ec2-runinstances-rule",
            "statement_id": "AllowExecutionFromEventBridge",
            "statement_id_prefix": ""
          },
          "sensitive_attributes": [],
          "identity_schema_version": 0,
          "identity": {
            "account_id": "750570463962",
            "function_name": "tag-enforcer",
            "qualifier": null,
            "region": "ap-south-1",
            "statement_id": "AllowExecutionFromEventBridge"
          },
          "private": "bnVsbA==",
          "dependencies": [
            "aws_cloudwatch_event_rule.ec2_run_instances",
            "aws_iam_role.lambda_exec",
            "aws_lambda_function.tag_enforcer"
          ]
        }
      ]
    },
    {
      "mode": "managed",
      "type": "aws_lambda_permission",
      "name": "allow_eventbridge_rds",
      "provider": "provider[\"registry.terraform.io/hashicorp/aws\"]",
      "instances": [
        {
          "schema_version": 0,
          "attributes": {
            "action": "lambda:InvokeFunction",
            "event_source_token": null,
            "function_name": "tag-enforcer",
            "function_url_auth_type": null,
            "id": "AllowExecutionFromEventBridgeRds",
            "principal": "events.amazonaws.com",
            "principal_org_id": null,
            "qualifier": "",
            "region": "ap-south-1",
            "source_account": null,
            "source_arn": "arn:aws:events:ap-south-1:750570463962:rule/RDS-CreateDB-Rule",
            "statement_id": "AllowExecutionFromEventBridgeRds",
            "statement_id_prefix": ""
          },
          "sensitive_attributes": [],
          "identity_schema_version": 0,
          "identity": {
            "account_id": "750570463962",
            "function_name": "tag-enforcer",
            "qualifier": null,
            "region": "ap-south-1",
            "statement_id": "AllowExecutionFromEventBridgeRds"
          },
          "private": "bnVsbA==",
          "dependencies": [
            "aws_cloudwatch_event_rule.rds_createdb",
            "aws_iam_role.lambda_exec",
            "aws_lambda_function.tag_enforcer"
          ]
        }
      ]
    },
    {
      "mode": "managed",
      "type": "aws_lambda_permission",
      "name": "allow_eventbridge_s3",
      "provider": "provider[\"registry.terraform.io/hashicorp/aws\"]",
      "instances": [
        {
          "schema_version": 0,
          "attributes": {
            "action": "lambda:InvokeFunction",
            "event_source_token": null,
            "function_name": "tag-enforcer",
            "function_url_auth_type": null,
            "id": "AllowExecutionFromEventBridgeS3",
            "principal": "events.amazonaws.com",
            "principal_org_id": null,
            "qualifier": "",
            "region": "ap-south-1",
            "source_account": null,
            "source_arn": "arn:aws:events:ap-south-1:750570463962:rule/S3-CreateBucket-Rule",
            "statement_id": "AllowExecutionFromEventBridgeS3",
            "statement_id_prefix": ""
          },
          "sensitive_attributes": [],
          "identity_schema_version": 0,
          "identity": {
            "account_id": "750570463962",
            "function_name": "tag-enforcer",
            "qualifier": null,
            "region": "ap-south-1",
            "statement_id": "AllowExecutionFromEventBridgeS3"
          },
          "private": "bnVsbA==",
          "dependencies": [
            "aws_cloudwatch_event_rule.s3_createbucket",
            "aws_iam_role.lambda_exec",
            "aws_lambda_function.tag_enforcer"
          ]
        }
      ]
    },
    {
      "mode": "managed",
      "type": "aws_s3_bucket",
      "name": "cloudtrail_bucket",
      "provider": "provider[\"registry.terraform.io/hashicorp/aws\"]",
      "instances": [
        {
          "schema_version": 0,
          "attributes": {
            "acceleration_status": "",
            "acl": null,
            "arn": "arn:aws:s3:::cloudtrail-logs-bucket-for-events-capture",
            "bucket": "cloudtrail-logs-bucket-for-events-capture",
            "bucket_domain_name": "cloudtrail-logs-bucket-for-events-capture.s3.amazonaws.com",
            "bucket_prefix": "",
            "bucket_region": "ap-south-1",
            "bucket_regional_domain_name": "cloudtrail-logs-bucket-for-events-capture.s3.ap-south-1.amazonaws.com",
            "cors_rule": [],
            "force_destroy": false,
            "grant": [
              {
                "id": "d8de4384a304c49e9892d41c4f844ea1c0387b722083634d07b2484fe7deadd7",
                "permissions": [
                  "FULL_CONTROL"
                ],
                "type": "CanonicalUser",
                "uri": ""
              }
            ],
            "hosted_zone_id": "Z11RGJOFQNVJUP",
            "id": "cloudtrail-logs-bucket-for-events-capture",
            "lifecycle_rule": [],
            "logging": [],
            "object_lock_configuration": [],
            "object_lock_enabled": false,
            "policy": "{\"Statement\":[{\"Action\":\"s3:PutObject\",\"Condition\":{\"StringEquals\":{\"s3:x-amz-acl\":\"bucket-owner-full-control\"}},\"Effect\":\"Allow\",\"Principal\":{\"Service\":\"cloudtrail.amazonaws.com\"},\"Resource\":\"arn:aws:s3:::cloudtrail-logs-bucket-for-events-capture/AWSLogs/750570463962/*\",\"Sid\":\"AWSCloudTrailWrite\"},{\"Action\":\"s3:GetBucketAcl\",\"Effect\":\"Allow\",\"Principal\":{\"Service\":\"cloudtrail.amazonaws.com\"},\"Resource\":\"arn:aws:s3:::cloudtrail-logs-bucket-for-events-capture\",\"Sid\":\"AWSCloudTrailAclCheck\"}],\"Version\":\"2012-10-17\"}",
            "region": "ap-south-1",
            "replication_configuration": [],
            "request_payer": "BucketOwner",
            "server_side_encryption_configuration": [
              {
                "rule": [
                  {
                    "apply_server_side_encryption_by_default": [
                      {
                        "kms_master_key_id": "",
                        "sse_algorithm": "AES256"
                      }
                    ],
                    "bucket_key_enabled": false
                  }
                ]
              }
            ],
            "tags": {},
            "tags_all": {},
            "timeouts": null,
            "versioning": [
              {
                "enabled": false,
                "mfa_delete": false
              }
            ],
            "website": [],
            "website_domain": null,
            "website_endpoint": null
          },
          "sensitive_attributes": [],
          "identity_schema_version": 0,
          "identity": {
            "account_id": "750570463962",
            "bucket": "cloudtrail-logs-bucket-for-events-capture",
            "region": "ap-south-1"
          },
          "private": "eyJlMmJmYjczMC1lY2FhLTExZTYtOGY4OC0zNDM2M2JjN2M0YzAiOnsiY3JlYXRlIjoxMjAwMDAwMDAwMDAwLCJkZWxldGUiOjM2MDAwMDAwMDAwMDAsInJlYWQiOjEyMDAwMDAwMDAwMDAsInVwZGF0ZSI6MTIwMDAwMDAwMDAwMH19"
        }
      ]
    },
    {
      "mode": "managed",
      "type": "aws_s3_bucket_policy",
      "name": "cloudtrail_bucket_policy",
      "provider": "provider[\"registry.terraform.io/hashicorp/aws\"]",
      "instances": [
        {
          "schema_version": 0,
          "attributes": {
            "bucket": "cloudtrail-logs-bucket-for-events-capture",
            "id": "cloudtrail-logs-bucket-for-events-capture",
            "policy": "{\"Statement\":[{\"Action\":\"s3:PutObject\",\"Condition\":{\"StringEquals\":{\"s3:x-amz-acl\":\"bucket-owner-full-control\"}},\"Effect\":\"Allow\",\"Principal\":{\"Service\":\"cloudtrail.amazonaws.com\"},\"Resource\":\"arn:aws:s3:::cloudtrail-logs-bucket-for-events-capture/AWSLogs/750570463962/*\",\"Sid\":\"AWSCloudTrailWrite\"},{\"Action\":\"s3:GetBucketAcl\",\"Effect\":\"Allow\",\"Principal\":{\"Service\":\"cloudtrail.amazonaws.com\"},\"Resource\":\"arn:aws:s3:::cloudtrail-logs-bucket-for-events-capture\",\"Sid\":\"AWSCloudTrailAclCheck\"}],\"Version\":\"2012-10-17\"}",
            "region": "ap-south-1"
          },
          "sensitive_attributes": [],
          "identity_schema_version": 0,
          "identity": {
            "account_id": "750570463962",
            "bucket": "cloudtrail-logs-bucket-for-events-capture",
            "region": "ap-south-1"
          },
          "private": "bnVsbA==",
          "dependencies": [
            "aws_s3_bucket.cloudtrail_bucket",
            "data.aws_caller_identity.current"
          ]
        }
      ]
    }
  ],
  "check_results": null
}
